
Microsoft Visual Studio Solution File, Format Version 12.00
# Visual Studio 15
VisualStudioVersion = 15.0.28307.168
MinimumVisualStudioVersion = 10.0.40219.1
Project("{FAE04EC0-301F-11D3-BF4B-00C04F79EFBC}") = "BauotechPlayerCSLib", "BauotechPlayerCSLib\BauotechPlayerCSLib.csproj", "{31C5D980-7EDF-4365-997D-F83B937343DA}"
EndProject
Project("{FAE04EC0-301F-11D3-BF4B-00C04F79EFBC}") = "BauotechDVRSinkApi", "BauotechDVRSinkApi\BauotechDVRSinkApi.csproj", "{8D16297B-4898-4618-9B0C-6EE253BA9650}"
EndProject
Project("{8BC9CEB8-8B4A-11D0-8D11-00A0C91BC942}") = "BauotechPlayerLib", "BauotechPlayerLib\BauotechPlayerLib.vcxproj", "{2FE986C2-A5DA-46D2-81B1-360B71598A42}"
EndProject
Project("{FAE04EC0-301F-11D3-BF4B-00C04F79EFBC}") = "BauotechDVRSinkServerApp", "BauotechDVRSinkServerApp\BauotechDVRSinkServerApp.csproj", "{500FBEAF-36C1-4D9D-865F-531AFBDE1FDA}"
EndProject
Project("{FAE04EC0-301F-11D3-BF4B-00C04F79EFBC}") = "DVRDomainModel", "BauotechDVRSinkApi\DvrDomainModel\DVRDomainModel.csproj", "{6BD1DDB8-93B8-4856-830D-D452CE47BBC1}"
EndProject
Project("{FAE04EC0-301F-11D3-BF4B-00C04F79EFBC}") = "InvokersLib", "InvokersLib\InvokersLib.csproj", "{E40F14D8-9643-4903-A79A-4A658FF0C732}"
EndProject
Project("{FAE04EC0-301F-11D3-BF4B-00C04F79EFBC}") = "BauotechDVRSinkService", "BauotechDVRSinkService\BauotechDVRSinkService.csproj", "{D3E4E5C3-7E20-4DED-8311-6D6A846D08B5}"
EndProject
Project("{FAE04EC0-301F-11D3-BF4B-00C04F79EFBC}") = "BauotechDVRSinkInstaller", "BauotechDVRSinkInstaller\BauotechDVRSinkInstaller.csproj", "{7D395ECC-848A-41C2-95C3-A199FBE8FB98}"
EndProject
Project("{8BC9CEB8-8B4A-11D0-8D11-00A0C91BC942}") = "BauotechDVRStreamer", "..\BauotechDVRStreamer\BauotechDVRStreamer.vcxproj", "{2B0DF176-FC99-4FE5-8D64-FCC34B0040E7}"
EndProject
Project("{FAE04EC0-301F-11D3-BF4B-00C04F79EFBC}") = "BauotechDVRStreamerCSLib", "..\BauotechDVRStreamerCSLib\BauotechDVRStreamerCSLib.csproj", "{3DF44543-18CE-44C9-921C-C2DFA52AA677}"
EndProject
Project("{FAE04EC0-301F-11D3-BF4B-00C04F79EFBC}") = "BauotechDVRStreamerApp", "..\BauotechDVRStreamer\BauotechDVRStreamerApp\BauotechDVRStreamerApp.csproj", "{5BF23B2D-FE20-4039-B156-991DC55BD3FF}"
EndProject
Project("{FAE04EC0-301F-11D3-BF4B-00C04F79EFBC}") = "UdpServer", "..\UdpServer\UdpServer\UdpServer.csproj", "{89267EC2-41B3-4038-876E-BF0B4614256A}"
EndProject
Global
	GlobalSection(SolutionConfigurationPlatforms) = preSolution
		Debug|Any CPU = Debug|Any CPU
		Debug|x64 = Debug|x64
		Debug|x86 = Debug|x86
		Release|Any CPU = Release|Any CPU
		Release|x64 = Release|x64
		Release|x86 = Release|x86
	EndGlobalSection
	GlobalSection(ProjectConfigurationPlatforms) = postSolution
		{31C5D980-7EDF-4365-997D-F83B937343DA}.Debug|Any CPU.ActiveCfg = Debug|Any CPU
		{31C5D980-7EDF-4365-997D-F83B937343DA}.Debug|Any CPU.Build.0 = Debug|Any CPU
		{31C5D980-7EDF-4365-997D-F83B937343DA}.Debug|x64.ActiveCfg = Debug|Any CPU
		{31C5D980-7EDF-4365-997D-F83B937343DA}.Debug|x64.Build.0 = Debug|Any CPU
		{31C5D980-7EDF-4365-997D-F83B937343DA}.Debug|x86.ActiveCfg = Debug|Any CPU
		{31C5D980-7EDF-4365-997D-F83B937343DA}.Debug|x86.Build.0 = Debug|Any CPU
		{31C5D980-7EDF-4365-997D-F83B937343DA}.Release|Any CPU.ActiveCfg = Release|Any CPU
		{31C5D980-7EDF-4365-997D-F83B937343DA}.Release|Any CPU.Build.0 = Release|Any CPU
		{31C5D980-7EDF-4365-997D-F83B937343DA}.Release|x64.ActiveCfg = Release|Any CPU
		{31C5D980-7EDF-4365-997D-F83B937343DA}.Release|x64.Build.0 = Release|Any CPU
		{31C5D980-7EDF-4365-997D-F83B937343DA}.Release|x86.ActiveCfg = Release|Any CPU
		{31C5D980-7EDF-4365-997D-F83B937343DA}.Release|x86.Build.0 = Release|Any CPU
		{8D16297B-4898-4618-9B0C-6EE253BA9650}.Debug|Any CPU.ActiveCfg = Debug|Any CPU
		{8D16297B-4898-4618-9B0C-6EE253BA9650}.Debug|Any CPU.Build.0 = Debug|Any CPU
		{8D16297B-4898-4618-9B0C-6EE253BA9650}.Debug|x64.ActiveCfg = Debug|Any CPU
		{8D16297B-4898-4618-9B0C-6EE253BA9650}.Debug|x64.Build.0 = Debug|Any CPU
		{8D16297B-4898-4618-9B0C-6EE253BA9650}.Debug|x86.ActiveCfg = Debug|Any CPU
		{8D16297B-4898-4618-9B0C-6EE253BA9650}.Debug|x86.Build.0 = Debug|Any CPU
		{8D16297B-4898-4618-9B0C-6EE253BA9650}.Release|Any CPU.ActiveCfg = Release|Any CPU
		{8D16297B-4898-4618-9B0C-6EE253BA9650}.Release|Any CPU.Build.0 = Release|Any CPU
		{8D16297B-4898-4618-9B0C-6EE253BA9650}.Release|x64.ActiveCfg = Release|Any CPU
		{8D16297B-4898-4618-9B0C-6EE253BA9650}.Release|x64.Build.0 = Release|Any CPU
		{8D16297B-4898-4618-9B0C-6EE253BA9650}.Release|x86.ActiveCfg = Release|Any CPU
		{8D16297B-4898-4618-9B0C-6EE253BA9650}.Release|x86.Build.0 = Release|Any CPU
		{2FE986C2-A5DA-46D2-81B1-360B71598A42}.Debug|Any CPU.ActiveCfg = Debug|Win32
		{2FE986C2-A5DA-46D2-81B1-360B71598A42}.Debug|x64.ActiveCfg = Debug|x64
		{2FE986C2-A5DA-46D2-81B1-360B71598A42}.Debug|x64.Build.0 = Debug|x64
		{2FE986C2-A5DA-46D2-81B1-360B71598A42}.Debug|x86.ActiveCfg = Debug|Win32
		{2FE986C2-A5DA-46D2-81B1-360B71598A42}.Debug|x86.Build.0 = Debug|Win32
		{2FE986C2-A5DA-46D2-81B1-360B71598A42}.Release|Any CPU.ActiveCfg = Release|Win32
		{2FE986C2-A5DA-46D2-81B1-360B71598A42}.Release|x64.ActiveCfg = Release|x64
		{2FE986C2-A5DA-46D2-81B1-360B71598A42}.Release|x64.Build.0 = Release|x64
		{2FE986C2-A5DA-46D2-81B1-360B71598A42}.Release|x86.ActiveCfg = Release|Win32
		{2FE986C2-A5DA-46D2-81B1-360B71598A42}.Release|x86.Build.0 = Release|Win32
		{500FBEAF-36C1-4D9D-865F-531AFBDE1FDA}.Debug|Any CPU.ActiveCfg = Debug|Any CPU
		{500FBEAF-36C1-4D9D-865F-531AFBDE1FDA}.Debug|Any CPU.Build.0 = Debug|Any CPU
		{500FBEAF-36C1-4D9D-865F-531AFBDE1FDA}.Debug|x64.ActiveCfg = Debug|Any CPU
		{500FBEAF-36C1-4D9D-865F-531AFBDE1FDA}.Debug|x64.Build.0 = Debug|Any CPU
		{500FBEAF-36C1-4D9D-865F-531AFBDE1FDA}.Debug|x86.ActiveCfg = Debug|Any CPU
		{500FBEAF-36C1-4D9D-865F-531AFBDE1FDA}.Debug|x86.Build.0 = Debug|Any CPU
		{500FBEAF-36C1-4D9D-865F-531AFBDE1FDA}.Release|Any CPU.ActiveCfg = Release|Any CPU
		{500FBEAF-36C1-4D9D-865F-531AFBDE1FDA}.Release|Any CPU.Build.0 = Release|Any CPU
		{500FBEAF-36C1-4D9D-865F-531AFBDE1FDA}.Release|x64.ActiveCfg = Release|Any CPU
		{500FBEAF-36C1-4D9D-865F-531AFBDE1FDA}.Release|x64.Build.0 = Release|Any CPU
		{500FBEAF-36C1-4D9D-865F-531AFBDE1FDA}.Release|x86.ActiveCfg = Release|Any CPU
		{500FBEAF-36C1-4D9D-865F-531AFBDE1FDA}.Release|x86.Build.0 = Release|Any CPU
		{6BD1DDB8-93B8-4856-830D-D452CE47BBC1}.Debug|Any CPU.ActiveCfg = Debug|Any CPU
		{6BD1DDB8-93B8-4856-830D-D452CE47BBC1}.Debug|Any CPU.Build.0 = Debug|Any CPU
		{6BD1DDB8-93B8-4856-830D-D452CE47BBC1}.Debug|x64.ActiveCfg = Debug|Any CPU
		{6BD1DDB8-93B8-4856-830D-D452CE47BBC1}.Debug|x64.Build.0 = Debug|Any CPU
		{6BD1DDB8-93B8-4856-830D-D452CE47BBC1}.Debug|x86.ActiveCfg = Debug|Any CPU
		{6BD1DDB8-93B8-4856-830D-D452CE47BBC1}.Debug|x86.Build.0 = Debug|Any CPU
		{6BD1DDB8-93B8-4856-830D-D452CE47BBC1}.Release|Any CPU.ActiveCfg = Release|Any CPU
		{6BD1DDB8-93B8-4856-830D-D452CE47BBC1}.Release|Any CPU.Build.0 = Release|Any CPU
		{6BD1DDB8-93B8-4856-830D-D452CE47BBC1}.Release|x64.ActiveCfg = Release|Any CPU
		{6BD1DDB8-93B8-4856-830D-D452CE47BBC1}.Release|x64.Build.0 = Release|Any CPU
		{6BD1DDB8-93B8-4856-830D-D452CE47BBC1}.Release|x86.ActiveCfg = Release|Any CPU
		{6BD1DDB8-93B8-4856-830D-D452CE47BBC1}.Release|x86.Build.0 = Release|Any CPU
		{E40F14D8-9643-4903-A79A-4A658FF0C732}.Debug|Any CPU.ActiveCfg = Debug|Any CPU
		{E40F14D8-9643-4903-A79A-4A658FF0C732}.Debug|Any CPU.Build.0 = Debug|Any CPU
		{E40F14D8-9643-4903-A79A-4A658FF0C732}.Debug|x64.ActiveCfg = Debug|Any CPU
		{E40F14D8-9643-4903-A79A-4A658FF0C732}.Debug|x64.Build.0 = Debug|Any CPU
		{E40F14D8-9643-4903-A79A-4A658FF0C732}.Debug|x86.ActiveCfg = Debug|Any CPU
		{E40F14D8-9643-4903-A79A-4A658FF0C732}.Debug|x86.Build.0 = Debug|Any CPU
		{E40F14D8-9643-4903-A79A-4A658FF0C732}.Release|Any CPU.ActiveCfg = Release|Any CPU
		{E40F14D8-9643-4903-A79A-4A658FF0C732}.Release|Any CPU.Build.0 = Release|Any CPU
		{E40F14D8-9643-4903-A79A-4A658FF0C732}.Release|x64.ActiveCfg = Release|Any CPU
		{E40F14D8-9643-4903-A79A-4A658FF0C732}.Release|x64.Build.0 = Release|Any CPU
		{E40F14D8-9643-4903-A79A-4A658FF0C732}.Release|x86.ActiveCfg = Release|Any CPU
		{E40F14D8-9643-4903-A79A-4A658FF0C732}.Release|x86.Build.0 = Release|Any CPU
		{D3E4E5C3-7E20-4DED-8311-6D6A846D08B5}.Debug|Any CPU.ActiveCfg = Debug|Any CPU
		{D3E4E5C3-7E20-4DED-8311-6D6A846D08B5}.Debug|Any CPU.Build.0 = Debug|Any CPU
		{D3E4E5C3-7E20-4DED-8311-6D6A846D08B5}.Debug|x64.ActiveCfg = Debug|Any CPU
		{D3E4E5C3-7E20-4DED-8311-6D6A846D08B5}.Debug|x64.Build.0 = Debug|Any CPU
		{D3E4E5C3-7E20-4DED-8311-6D6A846D08B5}.Debug|x86.ActiveCfg = Debug|Any CPU
		{D3E4E5C3-7E20-4DED-8311-6D6A846D08B5}.Debug|x86.Build.0 = Debug|Any CPU
		{D3E4E5C3-7E20-4DED-8311-6D6A846D08B5}.Release|Any CPU.ActiveCfg = Release|Any CPU
		{D3E4E5C3-7E20-4DED-8311-6D6A846D08B5}.Release|Any CPU.Build.0 = Release|Any CPU
		{D3E4E5C3-7E20-4DED-8311-6D6A846D08B5}.Release|x64.ActiveCfg = Release|Any CPU
		{D3E4E5C3-7E20-4DED-8311-6D6A846D08B5}.Release|x64.Build.0 = Release|Any CPU
		{D3E4E5C3-7E20-4DED-8311-6D6A846D08B5}.Release|x86.ActiveCfg = Release|Any CPU
		{D3E4E5C3-7E20-4DED-8311-6D6A846D08B5}.Release|x86.Build.0 = Release|Any CPU
		{7D395ECC-848A-41C2-95C3-A199FBE8FB98}.Debug|Any CPU.ActiveCfg = Debug|Any CPU
		{7D395ECC-848A-41C2-95C3-A199FBE8FB98}.Debug|Any CPU.Build.0 = Debug|Any CPU
		{7D395ECC-848A-41C2-95C3-A199FBE8FB98}.Debug|x64.ActiveCfg = Debug|Any CPU
		{7D395ECC-848A-41C2-95C3-A199FBE8FB98}.Debug|x64.Build.0 = Debug|Any CPU
		{7D395ECC-848A-41C2-95C3-A199FBE8FB98}.Debug|x86.ActiveCfg = Debug|Any CPU
		{7D395ECC-848A-41C2-95C3-A199FBE8FB98}.Debug|x86.Build.0 = Debug|Any CPU
		{7D395ECC-848A-41C2-95C3-A199FBE8FB98}.Release|Any CPU.ActiveCfg = Release|Any CPU
		{7D395ECC-848A-41C2-95C3-A199FBE8FB98}.Release|Any CPU.Build.0 = Release|Any CPU
		{7D395ECC-848A-41C2-95C3-A199FBE8FB98}.Release|x64.ActiveCfg = Release|Any CPU
		{7D395ECC-848A-41C2-95C3-A199FBE8FB98}.Release|x64.Build.0 = Release|Any CPU
		{7D395ECC-848A-41C2-95C3-A199FBE8FB98}.Release|x86.ActiveCfg = Release|Any CPU
		{7D395ECC-848A-41C2-95C3-A199FBE8FB98}.Release|x86.Build.0 = Release|Any CPU
		{2B0DF176-FC99-4FE5-8D64-FCC34B0040E7}.Debug|Any CPU.ActiveCfg = Debug|Win32
		{2B0DF176-FC99-4FE5-8D64-FCC34B0040E7}.Debug|x64.ActiveCfg = Debug|x64
		{2B0DF176-FC99-4FE5-8D64-FCC34B0040E7}.Debug|x64.Build.0 = Debug|x64
		{2B0DF176-FC99-4FE5-8D64-FCC34B0040E7}.Debug|x86.ActiveCfg = Debug|Win32
		{2B0DF176-FC99-4FE5-8D64-FCC34B0040E7}.Debug|x86.Build.0 = Debug|Win32
		{2B0DF176-FC99-4FE5-8D64-FCC34B0040E7}.Release|Any CPU.ActiveCfg = Release|Win32
		{2B0DF176-FC99-4FE5-8D64-FCC34B0040E7}.Release|x64.ActiveCfg = Release|x64
		{2B0DF176-FC99-4FE5-8D64-FCC34B0040E7}.Release|x64.Build.0 = Release|x64
		{2B0DF176-FC99-4FE5-8D64-FCC34B0040E7}.Release|x86.ActiveCfg = Release|Win32
		{2B0DF176-FC99-4FE5-8D64-FCC34B0040E7}.Release|x86.Build.0 = Release|Win32
		{3DF44543-18CE-44C9-921C-C2DFA52AA677}.Debug|Any CPU.ActiveCfg = Debug|Any CPU
		{3DF44543-18CE-44C9-921C-C2DFA52AA677}.Debug|Any CPU.Build.0 = Debug|Any CPU
		{3DF44543-18CE-44C9-921C-C2DFA52AA677}.Debug|x64.ActiveCfg = Debug|Any CPU
		{3DF44543-18CE-44C9-921C-C2DFA52AA677}.Debug|x64.Build.0 = Debug|Any CPU
		{3DF44543-18CE-44C9-921C-C2DFA52AA677}.Debug|x86.ActiveCfg = Debug|Any CPU
		{3DF44543-18CE-44C9-921C-C2DFA52AA677}.Debug|x86.Build.0 = Debug|Any CPU
		{3DF44543-18CE-44C9-921C-C2DFA52AA677}.Release|Any CPU.ActiveCfg = Release|Any CPU
		{3DF44543-18CE-44C9-921C-C2DFA52AA677}.Release|Any CPU.Build.0 = Release|Any CPU
		{3DF44543-18CE-44C9-921C-C2DFA52AA677}.Release|x64.ActiveCfg = Release|Any CPU
		{3DF44543-18CE-44C9-921C-C2DFA52AA677}.Release|x64.Build.0 = Release|Any CPU
		{3DF44543-18CE-44C9-921C-C2DFA52AA677}.Release|x86.ActiveCfg = Release|Any CPU
		{3DF44543-18CE-44C9-921C-C2DFA52AA677}.Release|x86.Build.0 = Release|Any CPU
		{5BF23B2D-FE20-4039-B156-991DC55BD3FF}.Debug|Any CPU.ActiveCfg = Debug|Any CPU
		{5BF23B2D-FE20-4039-B156-991DC55BD3FF}.Debug|Any CPU.Build.0 = Debug|Any CPU
		{5BF23B2D-FE20-4039-B156-991DC55BD3FF}.Debug|x64.ActiveCfg = Debug|Any CPU
		{5BF23B2D-FE20-4039-B156-991DC55BD3FF}.Debug|x64.Build.0 = Debug|Any CPU
		{5BF23B2D-FE20-4039-B156-991DC55BD3FF}.Debug|x86.ActiveCfg = Debug|Any CPU
		{5BF23B2D-FE20-4039-B156-991DC55BD3FF}.Debug|x86.Build.0 = Debug|Any CPU
		{5BF23B2D-FE20-4039-B156-991DC55BD3FF}.Release|Any CPU.ActiveCfg = Release|Any CPU
		{5BF23B2D-FE20-4039-B156-991DC55BD3FF}.Release|Any CPU.Build.0 = Release|Any CPU
		{5BF23B2D-FE20-4039-B156-991DC55BD3FF}.Release|x64.ActiveCfg = Release|Any CPU
		{5BF23B2D-FE20-4039-B156-991DC55BD3FF}.Release|x64.Build.0 = Release|Any CPU
		{5BF23B2D-FE20-4039-B156-991DC55BD3FF}.Release|x86.ActiveCfg = Release|Any CPU
		{5BF23B2D-FE20-4039-B156-991DC55BD3FF}.Release|x86.Build.0 = Release|Any CPU
		{89267EC2-41B3-4038-876E-BF0B4614256A}.Debug|Any CPU.ActiveCfg = Debug|Any CPU
		{89267EC2-41B3-4038-876E-BF0B4614256A}.Debug|Any CPU.Build.0 = Debug|Any CPU
		{89267EC2-41B3-4038-876E-BF0B4614256A}.Debug|x64.ActiveCfg = Debug|Any CPU
		{89267EC2-41B3-4038-876E-BF0B4614256A}.Debug|x64.Build.0 = Debug|Any CPU
		{89267EC2-41B3-4038-876E-BF0B4614256A}.Debug|x86.ActiveCfg = Debug|Any CPU
		{89267EC2-41B3-4038-876E-BF0B4614256A}.Debug|x86.Build.0 = Debug|Any CPU
		{89267EC2-41B3-4038-876E-BF0B4614256A}.Release|Any CPU.ActiveCfg = Release|Any CPU
		{89267EC2-41B3-4038-876E-BF0B4614256A}.Release|Any CPU.Build.0 = Release|Any CPU
		{89267EC2-41B3-4038-876E-BF0B4614256A}.Release|x64.ActiveCfg = Release|Any CPU
		{89267EC2-41B3-4038-876E-BF0B4614256A}.Release|x64.Build.0 = Release|Any CPU
		{89267EC2-41B3-4038-876E-BF0B4614256A}.Release|x86.ActiveCfg = Release|Any CPU
		{89267EC2-41B3-4038-876E-BF0B4614256A}.Release|x86.Build.0 = Release|Any CPU
	EndGlobalSection
	GlobalSection(SolutionProperties) = preSolution
		HideSolutionNode = FALSE
	EndGlobalSection
	GlobalSection(ExtensibilityGlobals) = postSolution
		SolutionGuid = {FAC128B1-3756-439B-A472-AF098BD0F14A}
	EndGlobalSection
EndGlobal
